// !$*UTF8*$!
{
	archiveVersion = 1;
	classes = {
	};
	objectVersion = 55;
	objects = {

/* Begin PBXBuildFile section */
		BD60D4B62899C57500EB7428 /* AppDelegate.swift in Sources */ = {isa = PBXBuildFile; fileRef = BD60D4B52899C57500EB7428 /* AppDelegate.swift */; };
		BD60D4B82899C57500EB7428 /* SceneDelegate.swift in Sources */ = {isa = PBXBuildFile; fileRef = BD60D4B72899C57500EB7428 /* SceneDelegate.swift */; };
		BD60D4BA2899C57500EB7428 /* ViewController.swift in Sources */ = {isa = PBXBuildFile; fileRef = BD60D4B92899C57500EB7428 /* ViewController.swift */; };
		BD60D4BD2899C57500EB7428 /* Main.storyboard in Resources */ = {isa = PBXBuildFile; fileRef = BD60D4BB2899C57500EB7428 /* Main.storyboard */; };
		BD60D4C02899C57500EB7428 /* TinyPawsBigWorld.xcdatamodeld in Sources */ = {isa = PBXBuildFile; fileRef = BD60D4BE2899C57500EB7428 /* TinyPawsBigWorld.xcdatamodeld */; };
		BD60D4C22899C57700EB7428 /* Assets.xcassets in Resources */ = {isa = PBXBuildFile; fileRef = BD60D4C12899C57700EB7428 /* Assets.xcassets */; };
		BD60D4C52899C57700EB7428 /* LaunchScreen.storyboard in Resources */ = {isa = PBXBuildFile; fileRef = BD60D4C32899C57700EB7428 /* LaunchScreen.storyboard */; };
		BDAB530F289C36D90004B241 /* TestingUSViewController.swift in Sources */ = {isa = PBXBuildFile; fileRef = BDAB530E289C36D90004B241 /* TestingUSViewController.swift */; };
		BDAB5311289C36FF0004B241 /* millionViewController.swift in Sources */ = {isa = PBXBuildFile; fileRef = BDAB5310289C36FF0004B241 /* millionViewController.swift */; };
		BDAB5313289C371B0004B241 /* countriesViewController.swift in Sources */ = {isa = PBXBuildFile; fileRef = BDAB5312289C371B0004B241 /* countriesViewController.swift */; };
		BDAB5315289C374C0004B241 /* commonViewController.swift in Sources */ = {isa = PBXBuildFile; fileRef = BDAB5314289C374C0004B241 /* commonViewController.swift */; };
		BDAB5317289C376A0004B241 /* percentageViewController.swift in Sources */ = {isa = PBXBuildFile; fileRef = BDAB5316289C376A0004B241 /* percentageViewController.swift */; };
		BDAB531B289C79D40004B241 /* VideoFile.swift in Sources */ = {isa = PBXBuildFile; fileRef = BDAB531A289C79D40004B241 /* VideoFile.swift */; };
		BDAB531D289C7FC90004B241 /* linksViewController.swift in Sources */ = {isa = PBXBuildFile; fileRef = BDAB531C289C7FC90004B241 /* linksViewController.swift */; };
/* End PBXBuildFile section */

/* Begin PBXFileReference section */
		BD60D4B22899C57500EB7428 /* TinyPawsBigWorld.app */ = {isa = PBXFileReference; explicitFileType = wrapper.application; includeInIndex = 0; path = TinyPawsBigWorld.app; sourceTree = BUILT_PRODUCTS_DIR; };
		BD60D4B52899C57500EB7428 /* AppDelegate.swift */ = {isa = PBXFileReference; lastKnownFileType = sourcecode.swift; path = AppDelegate.swift; sourceTree = "<group>"; };
		BD60D4B72899C57500EB7428 /* SceneDelegate.swift */ = {isa = PBXFileReference; lastKnownFileType = sourcecode.swift; path = SceneDelegate.swift; sourceTree = "<group>"; };
		BD60D4B92899C57500EB7428 /* ViewController.swift */ = {isa = PBXFileReference; lastKnownFileType = sourcecode.swift; path = ViewController.swift; sourceTree = "<group>"; };
		BD60D4BC2899C57500EB7428 /* Base */ = {isa = PBXFileReference; lastKnownFileType = file.storyboard; name = Base; path = Base.lproj/Main.storyboard; sourceTree = "<group>"; };
		BD60D4BF2899C57500EB7428 /* TinyPawsBigWorld.xcdatamodel */ = {isa = PBXFileReference; lastKnownFileType = wrapper.xcdatamodel; path = TinyPawsBigWorld.xcdatamodel; sourceTree = "<group>"; };
		BD60D4C12899C57700EB7428 /* Assets.xcassets */ = {isa = PBXFileReference; lastKnownFileType = folder.assetcatalog; path = Assets.xcassets; sourceTree = "<group>"; };
		BD60D4C42899C57700EB7428 /* Base */ = {isa = PBXFileReference; lastKnownFileType = file.storyboard; name = Base; path = Base.lproj/LaunchScreen.storyboard; sourceTree = "<group>"; };
		BD60D4C62899C57700EB7428 /* Info.plist */ = {isa = PBXFileReference; lastKnownFileType = text.plist.xml; path = Info.plist; sourceTree = "<group>"; };
		BDAB530E289C36D90004B241 /* TestingUSViewController.swift */ = {isa = PBXFileReference; lastKnownFileType = sourcecode.swift; path = TestingUSViewController.swift; sourceTree = "<group>"; };
		BDAB5310289C36FF0004B241 /* millionViewController.swift */ = {isa = PBXFileReference; lastKnownFileType = sourcecode.swift; path = millionViewController.swift; sourceTree = "<group>"; };
		BDAB5312289C371B0004B241 /* countriesViewController.swift */ = {isa = PBXFileReference; lastKnownFileType = sourcecode.swift; path = countriesViewController.swift; sourceTree = "<group>"; };
		BDAB5314289C374C0004B241 /* commonViewController.swift */ = {isa = PBXFileReference; lastKnownFileType = sourcecode.swift; path = commonViewController.swift; sourceTree = "<group>"; };
		BDAB5316289C376A0004B241 /* percentageViewController.swift */ = {isa = PBXFileReference; lastKnownFileType = sourcecode.swift; path = percentageViewController.swift; sourceTree = "<group>"; };
		BDAB531A289C79D40004B241 /* VideoFile.swift */ = {isa = PBXFileReference; lastKnownFileType = sourcecode.swift; path = VideoFile.swift; sourceTree = "<group>"; };
		BDAB531C289C7FC90004B241 /* linksViewController.swift */ = {isa = PBXFileReference; lastKnownFileType = sourcecode.swift; path = linksViewController.swift; sourceTree = "<group>"; };
/* End PBXFileReference section */

/* Begin PBXFrameworksBuildPhase section */
		BD60D4AF2899C57500EB7428 /* Frameworks */ = {
			isa = PBXFrameworksBuildPhase;
			buildActionMask = 2147483647;
			files = (
			);
			runOnlyForDeploymentPostprocessing = 0;
		};
/* End PBXFrameworksBuildPhase section */

/* Begin PBXGroup section */
		BD60D4A92899C57500EB7428 = {
			isa = PBXGroup;
			children = (
				BDAB531A289C79D40004B241 /* VideoFile.swift */,
				BD60D4B42899C57500EB7428 /* TinyPawsBigWorld */,
				BD60D4B32899C57500EB7428 /* Products */,
			);
			sourceTree = "<group>";
		};
		BD60D4B32899C57500EB7428 /* Products */ = {
			isa = PBXGroup;
			children = (
				BD60D4B22899C57500EB7428 /* TinyPawsBigWorld.app */,
			);
			name = Products;
			sourceTree = "<group>";
		};
		BD60D4B42899C57500EB7428 /* TinyPawsBigWorld */ = {
			isa = PBXGroup;
			children = (
				BD60D4B52899C57500EB7428 /* AppDelegate.swift */,
				BD60D4B72899C57500EB7428 /* SceneDelegate.swift */,
				BD60D4B92899C57500EB7428 /* ViewController.swift */,
				BD60D4BB2899C57500EB7428 /* Main.storyboard */,
				BDAB531C289C7FC90004B241 /* linksViewController.swift */,
				BDAB5316289C376A0004B241 /* percentageViewController.swift */,
				BDAB5314289C374C0004B241 /* commonViewController.swift */,
				BDAB5312289C371B0004B241 /* countriesViewController.swift */,
				BDAB5310289C36FF0004B241 /* millionViewController.swift */,
				BDAB530E289C36D90004B241 /* TestingUSViewController.swift */,
				BD60D4C12899C57700EB7428 /* Assets.xcassets */,
				BD60D4C32899C57700EB7428 /* LaunchScreen.storyboard */,
				BD60D4C62899C57700EB7428 /* Info.plist */,
				BD60D4BE2899C57500EB7428 /* TinyPawsBigWorld.xcdatamodeld */,
			);
			path = TinyPawsBigWorld;
			sourceTree = "<group>";
		};
/* End PBXGroup section */

/* Begin PBXNativeTarget section */
		BD60D4B12899C57500EB7428 /* TinyPawsBigWorld */ = {
			isa = PBXNativeTarget;
			buildConfigurationList = BD60D4C92899C57700EB7428 /* Build configuration list for PBXNativeTarget "TinyPawsBigWorld" */;
			buildPhases = (
				BD60D4AE2899C57500EB7428 /* Sources */,
				BD60D4AF2899C57500EB7428 /* Frameworks */,
				BD60D4B02899C57500EB7428 /* Resources */,
			);
			buildRules = (
			);
			dependencies = (
			);
			name = TinyPawsBigWorld;
			productName = TinyPawsBigWorld;
			productReference = BD60D4B22899C57500EB7428 /* TinyPawsBigWorld.app */;
			productType = "com.apple.product-type.application";
		};
/* End PBXNativeTarget section */

/* Begin PBXProject section */
		BD60D4AA2899C57500EB7428 /* Project object */ = {
			isa = PBXProject;
			attributes = {
				BuildIndependentTargetsInParallel = 1;
				LastSwiftUpdateCheck = 1340;
				LastUpgradeCheck = 1340;
				TargetAttributes = {
					BD60D4B12899C57500EB7428 = {
						CreatedOnToolsVersion = 13.4.1;
					};
				};
			};
			buildConfigurationList = BD60D4AD2899C57500EB7428 /* Build configuration list for PBXProject "TinyPawsBigWorld" */;
			compatibilityVersion = "Xcode 13.0";
			developmentRegion = en;
			hasScannedForEncodings = 0;
			knownRegions = (
				en,
				Base,
			);
			mainGroup = BD60D4A92899C57500EB7428;
			productRefGroup = BD60D4B32899C57500EB7428 /* Products */;
			projectDirPath = "";
			projectRoot = "";
			targets = (
				BD60D4B12899C57500EB7428 /* TinyPawsBigWorld */,
			);
		};
/* End PBXProject section */

/* Begin PBXResourcesBuildPhase section */
		BD60D4B02899C57500EB7428 /* Resources */ = {
			isa = PBXResourcesBuildPhase;
			buildActionMask = 2147483647;
			files = (
				BD60D4C52899C57700EB7428 /* LaunchScreen.storyboard in Resources */,
				BD60D4C22899C57700EB7428 /* Assets.xcassets in Resources */,
				BD60D4BD2899C57500EB7428 /* Main.storyboard in Resources */,
			);
			runOnlyForDeploymentPostprocessing = 0;
		};
/* End PBXResourcesBuildPhase section */

/* Begin PBXSourcesBuildPhase section */
		BD60D4AE2899C57500EB7428 /* Sources */ = {
			isa = PBXSourcesBuildPhase;
			buildActionMask = 2147483647;
			files = (
				BDAB530F289C36D90004B241 /* TestingUSViewController.swift in Sources */,
				BD60D4BA2899C57500EB7428 /* ViewController.swift in Sources */,
				BDAB531D289C7FC90004B241 /* linksViewController.swift in Sources */,
				BDAB5313289C371B0004B241 /* countriesViewController.swift in Sources */,
				BD60D4B62899C57500EB7428 /* AppDelegate.swift in Sources */,
				BDAB5311289C36FF0004B241 /* millionViewController.swift in Sources */,
				BDAB531B289C79D40004B241 /* VideoFile.swift in Sources */,
				BDAB5315289C374C0004B241 /* commonViewController.swift in Sources */,
				BD60D4C02899C57500EB7428 /* TinyPawsBigWorld.xcdatamodeld in Sources */,
				BDAB5317289C376A0004B241 /* percentageViewController.swift in Sources */,
				BD60D4B82899C57500EB7428 /* SceneDelegate.swift in Sources */,
			);
			runOnlyForDeploymentPostprocessing = 0;
		};
/* End PBXSourcesBuildPhase section */

/* Begin PBXVariantGroup section */
		BD60D4BB2899C57500EB7428 /* Main.storyboard */ = {
			isa = PBXVariantGroup;
			children = (
				BD60D4BC2899C57500EB7428 /* Base */,
			);
			name = Main.storyboard;
			sourceTree = "<group>";
		};
		BD60D4C32899C57700EB7428 /* LaunchScreen.storyboard */ = {
			isa = PBXVariantGroup;
			children = (
				BD60D4C42899C57700EB7428 /* Base */,
			);
			name = LaunchScreen.storyboard;
			sourceTree = "<group>";
		};
/* End PBXVariantGroup section */

/* Begin XCBuildConfiguration section */
		BD60D4C72899C57700EB7428 /* Debug */ = {
			isa = XCBuildConfiguration;
			buildSettings = {
				ALWAYS_SEARCH_USER_PATHS = NO;
				CLANG_ANALYZER_NONNULL = YES;
				CLANG_ANALYZER_NUMBER_OBJECT_CONVERSION = YES_AGGRESSIVE;
				CLANG_CXX_LANGUAGE_STANDARD = "gnu++17";
				CLANG_ENABLE_MODULES = YES;
				CLANG_ENABLE_OBJC_ARC = YES;
				CLANG_ENABLE_OBJC_WEAK = YES;
				CLANG_WARN_BLOCK_CAPTURE_AUTORELEASING = YES;
				CLANG_WARN_BOOL_CONVERSION = YES;
				CLANG_WARN_COMMA = YES;
				CLANG_WARN_CONSTANT_CONVERSION = YES;
				CLANG_WARN_DEPRECATED_OBJC_IMPLEMENTATIONS = YES;
				CLANG_WARN_DIRECT_OBJC_ISA_USAGE = YES_ERROR;
				CLANG_WARN_DOCUMENTATION_COMMENTS = YES;
				CLANG_WARN_EMPTY_BODY = YES;
				CLANG_WARN_ENUM_CONVERSION = YES;
				CLANG_WARN_INFINITE_RECURSION = YES;
				CLANG_WARN_INT_CONVERSION = YES;
				CLANG_WARN_NON_LITERAL_NULL_CONVERSION = YES;
				CLANG_WARN_OBJC_IMPLICIT_RETAIN_SELF = YES;
				CLANG_WARN_OBJC_LITERAL_CONVERSION = YES;
				CLANG_WARN_OBJC_ROOT_CLASS = YES_ERROR;
				CLANG_WARN_QUOTED_INCLUDE_IN_FRAMEWORK_HEADER = YES;
				CLANG_WARN_RANGE_LOOP_ANALYSIS = YES;
				CLANG_WARN_STRICT_PROTOTYPES = YES;
				CLANG_WARN_SUSPICIOUS_MOVE = YES;
				CLANG_WARN_UNGUARDED_AVAILABILITY = YES_AGGRESSIVE;
				CLANG_WARN_UNREACHABLE_CODE = YES;
				CLANG_WARN__DUPLICATE_METHOD_MATCH = YES;
				COPY_PHASE_STRIP = NO;
				DEBUG_INFORMATION_FORMAT = dwarf;
				ENABLE_STRICT_OBJC_MSGSEND = YES;
				ENABLE_TESTABILITY = YES;
				GCC_C_LANGUAGE_STANDARD = gnu11;
				GCC_DYNAMIC_NO_PIC = NO;
				GCC_NO_COMMON_BLOCKS = YES;
				GCC_OPTIMIZATION_LEVEL = 0;
				GCC_PREPROCESSOR_DEFINITIONS = (
					"DEBUG=1",
					"$(inherited)",
				);
				GCC_WARN_64_TO_32_BIT_CONVERSION = YES;
				GCC_WARN_ABOUT_RETURN_TYPE = YES_ERROR;
				GCC_WARN_UNDECLARED_SELECTOR = YES;
				GCC_WARN_UNINITIALIZED_AUTOS = YES_AGGRESSIVE;
				GCC_WARN_UNUSED_FUNCTION = YES;
				GCC_WARN_UNUSED_VARIABLE = YES;
				IPHONEOS_DEPLOYMENT_TARGET = 15.5;
				MTL_ENABLE_DEBUG_INFO = INCLUDE_SOURCE;
				MTL_FAST_MATH = YES;
				ONLY_ACTIVE_ARCH = YES;
				SDKROOT = iphoneos;
				SWIFT_ACTIVE_COMPILATION_CONDITIONS = DEBUG;
				SWIFT_OPTIMIZATION_LEVEL = "-Onone";
			};
			name = Debug;
		};
		BD60D4C82899C57700EB7428 /* Release */ = {
			isa = XCBuildConfiguration;
			buildSettings = {
				ALWAYS_SEARCH_USER_PATHS = NO;
				CLANG_ANALYZER_NONNULL = YES;
				CLANG_ANALYZER_NUMBER_OBJECT_CONVERSION = YES_AGGRESSIVE;
				CLANG_CXX_LANGUAGE_STANDARD = "gnu++17";
				CLANG_ENABLE_MODULES = YES;
				CLANG_ENABLE_OBJC_ARC = YES;
				CLANG_ENABLE_OBJC_WEAK = YES;
				CLANG_WARN_BLOCK_CAPTURE_AUTORELEASING = YES;
				CLANG_WARN_BOOL_CONVERSION = YES;
				CLANG_WARN_COMMA = YES;
				CLANG_WARN_CONSTANT_CONVERSION = YES;
				CLANG_WARN_DEPRECATED_OBJC_IMPLEMENTATIONS = YES;
				CLANG_WARN_DIRECT_OBJC_ISA_USAGE = YES_ERROR;
				CLANG_WARN_DOCUMENTATION_COMMENTS = YES;
				CLANG_WARN_EMPTY_BODY = YES;
				CLANG_WARN_ENUM_CONVERSION = YES;
				CLANG_WARN_INFINITE_RECURSION = YES;
				CLANG_WARN_INT_CONVERSION = YES;
				CLANG_WARN_NON_LITERAL_NULL_CONVERSION = YES;
				CLANG_WARN_OBJC_IMPLICIT_RETAIN_SELF = YES;
				CLANG_WARN_OBJC_LITERAL_CONVERSION = YES;
				CLANG_WARN_OBJC_ROOT_CLASS = YES_ERROR;
				CLANG_WARN_QUOTED_INCLUDE_IN_FRAMEWORK_HEADER = YES;
				CLANG_WARN_RANGE_LOOP_ANALYSIS = YES;
				CLANG_WARN_STRICT_PROTOTYPES = YES;
				CLANG_WARN_SUSPICIOUS_MOVE = YES;
				CLANG_WARN_UNGUARDED_AVAILABILITY = YES_AGGRESSIVE;
				CLANG_WARN_UNREACHABLE_CODE = YES;
				CLANG_WARN__DUPLICATE_METHOD_MATCH = YES;
				COPY_PHASE_STRIP = NO;
				DEBUG_INFORMATION_FORMAT = "dwarf-with-dsym";
				ENABLE_NS_ASSERTIONS = NO;
				ENABLE_STRICT_OBJC_MSGSEND = YES;
				GCC_C_LANGUAGE_STANDARD = gnu11;
				GCC_NO_COMMON_BLOCKS = YES;
				GCC_WARN_64_TO_32_BIT_CONVERSION = YES;
				GCC_WARN_ABOUT_RETURN_TYPE = YES_ERROR;
				GCC_WARN_UNDECLARED_SELECTOR = YES;
				GCC_WARN_UNINITIALIZED_AUTOS = YES_AGGRESSIVE;
				GCC_WARN_UNUSED_FUNCTION = YES;
				GCC_WARN_UNUSED_VARIABLE = YES;
				IPHONEOS_DEPLOYMENT_TARGET = 15.5;
				MTL_ENABLE_DEBUG_INFO = NO;
				MTL_FAST_MATH = YES;
				SDKROOT = iphoneos;
				SWIFT_COMPILATION_MODE = wholemodule;
				SWIFT_OPTIMIZATION_LEVEL = "-O";
				VALIDATE_PRODUCT = YES;
			};
			name = Release;
		};
		BD60D4CA2899C57700EB7428 /* Debug */ = {
			isa = XCBuildConfiguration;
			buildSettings = {
				ASSETCATALOG_COMPILER_APPICON_NAME = AppIcon;
				ASSETCATALOG_COMPILER_GLOBAL_ACCENT_COLOR_NAME = AccentColor;
				CODE_SIGN_STYLE = Automatic;
				CURRENT_PROJECT_VERSION = 1;
				GENERATE_INFOPLIST_FILE = YES;
				INFOPLIST_FILE = TinyPawsBigWorld/Info.plist;
				INFOPLIST_KEY_UIApplicationSupportsIndirectInputEvents = YES;
				INFOPLIST_KEY_UILaunchStoryboardName = LaunchScreen;
				INFOPLIST_KEY_UIMainStoryboardFile = Main;
				INFOPLIST_KEY_UISupportedInterfaceOrientations_iPad = "UIInterfaceOrientationPortrait UIInterfaceOrientationPortraitUpsideDown UIInterfaceOrientationLandscapeLeft UIInterfaceOrientationLandscapeRight";
				INFOPLIST_KEY_UISupportedInterfaceOrientations_iPhone = "UIInterfaceOrientationPortrait UIInterfaceOrientationLandscapeLeft UIInterfaceOrientationLandscapeRight";
				LD_RUNPATH_SEARCH_PATHS = (
					"$(inherited)",
					"@executable_path/Frameworks",
				);
				MARKETING_VERSION = 1.0;
				PRODUCT_BUNDLE_IDENTIFIER = kwk.TinyPawsBigWorld;
				PRODUCT_NAME = "$(TARGET_NAME)";
				SWIFT_EMIT_LOC_STRINGS = YES;
				SWIFT_VERSION = 5.0;
				TARGETED_DEVICE_FAMILY = "1,2";
			};
			name = Debug;
		};
		BD60D4CB2899C57700EB7428 /* Release */ = {
			isa = XCBuildConfiguration;
			buildSettings = {
				ASSETCATALOG_COMPILER_APPICON_NAME = AppIcon;
				ASSETCATALOG_COMPILER_GLOBAL_ACCENT_COLOR_NAME = AccentColor;
				CODE_SIGN_STYLE = Automatic;
				CURRENT_PROJECT_VERSION = 1;
				GENERATE_INFOPLIST_FILE = YES;
				INFOPLIST_FILE = TinyPawsBigWorld/Info.plist;
				INFOPLIST_KEY_UIApplicationSupportsIndirectInputEvents = YES;
				INFOPLIST_KEY_UILaunchStoryboardName = LaunchScreen;
				INFOPLIST_KEY_UIMainStoryboardFile = Main;
				INFOPLIST_KEY_UISupportedInterfaceOrientations_iPad = "UIInterfaceOrientationPortrait UIInterfaceOrientationPortraitUpsideDown UIInterfaceOrientationLandscapeLeft UIInterfaceOrientationLandscapeRight";
				INFOPLIST_KEY_UISupportedInterfaceOrientations_iPhone = "UIInterfaceOrientationPortrait UIInterfaceOrientationLandscapeLeft UIInterfaceOrientationLandscapeRight";
				LD_RUNPATH_SEARCH_PATHS = (
					"$(inherited)",
					"@executable_path/Frameworks",
				);
				MARKETING_VERSION = 1.0;
				PRODUCT_BUNDLE_IDENTIFIER = kwk.TinyPawsBigWorld;
				PRODUCT_NAME = "$(TARGET_NAME)";
				SWIFT_EMIT_LOC_STRINGS = YES;
				SWIFT_VERSION = 5.0;
				TARGETED_DEVICE_FAMILY = "1,2";
			};
			name = Release;
		};
/* End XCBuildConfiguration section */

/* Begin XCConfigurationList section */
		BD60D4AD2899C57500EB7428 /* Build configuration list for PBXProject "TinyPawsBigWorld" */ = {
			isa = XCConfigurationList;
			buildConfigurations = (
				BD60D4C72899C57700EB7428 /* Debug */,
				BD60D4C82899C57700EB7428 /* Release */,
			);
			defaultConfigurationIsVisible = 0;
			defaultConfigurationName = Release;
		};
		BD60D4C92899C57700EB7428 /* Build configuration list for PBXNativeTarget "TinyPawsBigWorld" */ = {
			isa = XCConfigurationList;
			buildConfigurations = (
				BD60D4CA2899C57700EB7428 /* Debug */,
				BD60D4CB2899C57700EB7428 /* Release */,
			);
			defaultConfigurationIsVisible = 0;
			defaultConfigurationName = Release;
		};
/* End XCConfigurationList section */

/* Begin XCVersionGroup section */
		BD60D4BE2899C57500EB7428 /* TinyPawsBigWorld.xcdatamodeld */ = {
			isa = XCVersionGroup;
			children = (
				BD60D4BF2899C57500EB7428 /* TinyPawsBigWorld.xcdatamodel */,
			);
			currentVersion = BD60D4BF2899C57500EB7428 /* TinyPawsBigWorld.xcdatamodel */;
			path = TinyPawsBigWorld.xcdatamodeld;
			sourceTree = "<group>";
			versionGroupType = wrapper.xcdatamodel;
		};
/* End XCVersionGroup section */
	};
	rootObject = BD60D4AA2899C57500EB7428 /* Project object */;
}
